
Microsoft Visual Studio Solution File, Format Version 12.00
# Visual Studio Version 17
VisualStudioVersion = 17.5.002.0
MinimumVisualStudioVersion = 10.0.40219.1
Project("{9A19103F-16F7-4668-BE54-9A1E7A4F7556}") = "Project002", "Project002.csproj", "{17CFD202-D686-4227-B258-C36201D1DFAB}"
EndProject
Global
	GlobalSection(SolutionConfigurationPlatforms) = preSolution
		Debug|Any CPU = Debug|Any CPU
		Release|Any CPU = Release|Any CPU
	EndGlobalSection
	GlobalSection(ProjectConfigurationPlatforms) = postSolution
		{17CFD202-D686-4227-B258-C36201D1DFAB}.Debug|Any CPU.ActiveCfg = Debug|Any CPU
		{17CFD202-D686-4227-B258-C36201D1DFAB}.Debug|Any CPU.Build.0 = Debug|Any CPU
		{17CFD202-D686-4227-B258-C36201D1DFAB}.Release|Any CPU.ActiveCfg = Release|Any CPU
		{17CFD202-D686-4227-B258-C36201D1DFAB}.Release|Any CPU.Build.0 = Release|Any CPU
	EndGlobalSection
	GlobalSection(SolutionProperties) = preSolution
		HideSolutionNode = FALSE
	EndGlobalSection
	GlobalSection(ExtensibilityGlobals) = postSolution
		SolutionGuid = {67499F4E-592D-4FE7-8960-F5703B60FBDE}
	EndGlobalSection
EndGlobal
